
Microsoft Visual Studio Solution File, Format Version 12.00
# Visual Studio 15
VisualStudioVersion = 15.0.28010.2016
MinimumVisualStudioVersion = 10.0.40219.1
Project("{FAE04EC0-301F-11D3-BF4B-00C04F79EFBC}") = "PB2B", "PB2B\PB2B.csproj", "{49050EB9-7F4D-4769-A626-AD22718BE243}"
EndProject
Global
	GlobalSection(SolutionConfigurationPlatforms) = preSolution
		Debug|Any CPU = Debug|Any CPU
		Release|Any CPU = Release|Any CPU
	EndGlobalSection
	GlobalSection(ProjectConfigurationPlatforms) = postSolution
		{49050EB9-7F4D-4769-A626-AD22718BE243}.Debug|Any CPU.ActiveCfg = Debug|Any CPU
		{49050EB9-7F4D-4769-A626-AD22718BE243}.Debug|Any CPU.Build.0 = Debug|Any CPU
		{49050EB9-7F4D-4769-A626-AD22718BE243}.Release|Any CPU.ActiveCfg = Release|Any CPU
		{49050EB9-7F4D-4769-A626-AD22718BE243}.Release|Any CPU.Build.0 = Release|Any CPU
	EndGlobalSection
	GlobalSection(SolutionProperties) = preSolution
		HideSolutionNode = FALSE
	EndGlobalSection
	GlobalSection(ExtensibilityGlobals) = postSolution
		SolutionGuid = {51E2D263-E3F5-4D15-9C1E-4D40107E6B80}
	EndGlobalSection
EndGlobal
